// !$*UTF8*$!
{
	archiveVersion = 1;
	classes = {
	};
	objectVersion = 56;
	objects = {

/* Begin PBXBuildFile section */
		C50F8E882B63171800BCE42F /* MainScreen.swift in Sources */ = {isa = PBXBuildFile; fileRef = C50F8E862B63171800BCE42F /* MainScreen.swift */; };
		C50F8E892B63171800BCE42F /* PackageDetails.swift in Sources */ = {isa = PBXBuildFile; fileRef = C50F8E872B63171800BCE42F /* PackageDetails.swift */; };
		C50F8E8D2B63172800BCE42F /* BrewJsonStructs.swift in Sources */ = {isa = PBXBuildFile; fileRef = C50F8E8B2B63172800BCE42F /* BrewJsonStructs.swift */; };
		C50F8E8E2B63172800BCE42F /* brew.json in Resources */ = {isa = PBXBuildFile; fileRef = C50F8E8C2B63172800BCE42F /* brew.json */; };
		C51F2AD02B6315EA0055CAF2 /* drink_upApp.swift in Sources */ = {isa = PBXBuildFile; fileRef = C51F2ACF2B6315EA0055CAF2 /* drink_upApp.swift */; };
		C51F2AD22B6315EA0055CAF2 /* ContentView.swift in Sources */ = {isa = PBXBuildFile; fileRef = C51F2AD12B6315EA0055CAF2 /* ContentView.swift */; };
		C51F2AD42B6315EC0055CAF2 /* Assets.xcassets in Resources */ = {isa = PBXBuildFile; fileRef = C51F2AD32B6315EC0055CAF2 /* Assets.xcassets */; };
		C51F2AD72B6315EC0055CAF2 /* Preview Assets.xcassets in Resources */ = {isa = PBXBuildFile; fileRef = C51F2AD62B6315EC0055CAF2 /* Preview Assets.xcassets */; };
		C5B09AD22B66833C00C3AEE4 /* InstalledPackages.swift in Sources */ = {isa = PBXBuildFile; fileRef = C5B09AD12B66833C00C3AEE4 /* InstalledPackages.swift */; };
		C5B09AD42B66835400C3AEE4 /* DatabasePackages.swift in Sources */ = {isa = PBXBuildFile; fileRef = C5B09AD32B66835400C3AEE4 /* DatabasePackages.swift */; };
/* End PBXBuildFile section */

/* Begin PBXFileReference section */
		C50F8E862B63171800BCE42F /* MainScreen.swift */ = {isa = PBXFileReference; fileEncoding = 4; lastKnownFileType = sourcecode.swift; path = MainScreen.swift; sourceTree = "<group>"; };
		C50F8E872B63171800BCE42F /* PackageDetails.swift */ = {isa = PBXFileReference; fileEncoding = 4; lastKnownFileType = sourcecode.swift; path = PackageDetails.swift; sourceTree = "<group>"; };
		C50F8E8B2B63172800BCE42F /* BrewJsonStructs.swift */ = {isa = PBXFileReference; fileEncoding = 4; lastKnownFileType = sourcecode.swift; path = BrewJsonStructs.swift; sourceTree = "<group>"; };
		C50F8E8C2B63172800BCE42F /* brew.json */ = {isa = PBXFileReference; fileEncoding = 4; lastKnownFileType = text.json; path = brew.json; sourceTree = "<group>"; };
		C51F2ACC2B6315EA0055CAF2 /* drink-up.app */ = {isa = PBXFileReference; explicitFileType = wrapper.application; includeInIndex = 0; path = "drink-up.app"; sourceTree = BUILT_PRODUCTS_DIR; };
		C51F2ACF2B6315EA0055CAF2 /* drink_upApp.swift */ = {isa = PBXFileReference; lastKnownFileType = sourcecode.swift; path = drink_upApp.swift; sourceTree = "<group>"; };
		C51F2AD12B6315EA0055CAF2 /* ContentView.swift */ = {isa = PBXFileReference; lastKnownFileType = sourcecode.swift; path = ContentView.swift; sourceTree = "<group>"; };
		C51F2AD32B6315EC0055CAF2 /* Assets.xcassets */ = {isa = PBXFileReference; lastKnownFileType = folder.assetcatalog; path = Assets.xcassets; sourceTree = "<group>"; };
		C51F2AD62B6315EC0055CAF2 /* Preview Assets.xcassets */ = {isa = PBXFileReference; lastKnownFileType = folder.assetcatalog; path = "Preview Assets.xcassets"; sourceTree = "<group>"; };
		C51F2AD82B6315EC0055CAF2 /* drink_up.entitlements */ = {isa = PBXFileReference; lastKnownFileType = text.plist.entitlements; path = drink_up.entitlements; sourceTree = "<group>"; };
		C52816482B6580B000E8CE79 /* readme.md */ = {isa = PBXFileReference; lastKnownFileType = net.daringfireball.markdown; path = readme.md; sourceTree = "<group>"; };
		C5B09AD12B66833C00C3AEE4 /* InstalledPackages.swift */ = {isa = PBXFileReference; lastKnownFileType = sourcecode.swift; path = InstalledPackages.swift; sourceTree = "<group>"; };
		C5B09AD32B66835400C3AEE4 /* DatabasePackages.swift */ = {isa = PBXFileReference; lastKnownFileType = sourcecode.swift; path = DatabasePackages.swift; sourceTree = "<group>"; };
/* End PBXFileReference section */

/* Begin PBXFrameworksBuildPhase section */
		C51F2AC92B6315EA0055CAF2 /* Frameworks */ = {
			isa = PBXFrameworksBuildPhase;
			buildActionMask = 2147483647;
			files = (
			);
			runOnlyForDeploymentPostprocessing = 0;
		};
/* End PBXFrameworksBuildPhase section */

/* Begin PBXGroup section */
		C50F8E852B63171800BCE42F /* Views */ = {
			isa = PBXGroup;
			children = (
				C50F8E8A2B63172800BCE42F /* PackageManagement */,
				C50F8E862B63171800BCE42F /* MainScreen.swift */,
				C50F8E872B63171800BCE42F /* PackageDetails.swift */,
			);
			path = Views;
			sourceTree = "<group>";
		};
		C50F8E8A2B63172800BCE42F /* PackageManagement */ = {
			isa = PBXGroup;
			children = (
				C50F8E8B2B63172800BCE42F /* BrewJsonStructs.swift */,
				C50F8E8C2B63172800BCE42F /* brew.json */,
				C5B09AD12B66833C00C3AEE4 /* InstalledPackages.swift */,
				C5B09AD32B66835400C3AEE4 /* DatabasePackages.swift */,
			);
			name = PackageManagement;
			path = "drink-up/PackageManagement";
			sourceTree = SOURCE_ROOT;
		};
		C51F2AC32B6315EA0055CAF2 = {
			isa = PBXGroup;
			children = (
				C52816482B6580B000E8CE79 /* readme.md */,
				C51F2ACE2B6315EA0055CAF2 /* drink-up */,
				C51F2ACD2B6315EA0055CAF2 /* Products */,
			);
			sourceTree = "<group>";
		};
		C51F2ACD2B6315EA0055CAF2 /* Products */ = {
			isa = PBXGroup;
			children = (
				C51F2ACC2B6315EA0055CAF2 /* drink-up.app */,
			);
			name = Products;
			sourceTree = "<group>";
		};
		C51F2ACE2B6315EA0055CAF2 /* drink-up */ = {
			isa = PBXGroup;
			children = (
				C51F2ACF2B6315EA0055CAF2 /* drink_upApp.swift */,
				C51F2AD12B6315EA0055CAF2 /* ContentView.swift */,
				C51F2AD32B6315EC0055CAF2 /* Assets.xcassets */,
				C50F8E852B63171800BCE42F /* Views */,
				C51F2AD82B6315EC0055CAF2 /* drink_up.entitlements */,
				C51F2AD52B6315EC0055CAF2 /* Preview Content */,
			);
			path = "drink-up";
			sourceTree = "<group>";
		};
		C51F2AD52B6315EC0055CAF2 /* Preview Content */ = {
			isa = PBXGroup;
			children = (
				C51F2AD62B6315EC0055CAF2 /* Preview Assets.xcassets */,
			);
			path = "Preview Content";
			sourceTree = "<group>";
		};
/* End PBXGroup section */

/* Begin PBXNativeTarget section */
		C51F2ACB2B6315EA0055CAF2 /* drink-up */ = {
			isa = PBXNativeTarget;
			buildConfigurationList = C51F2ADB2B6315EC0055CAF2 /* Build configuration list for PBXNativeTarget "drink-up" */;
			buildPhases = (
				C51F2AC82B6315EA0055CAF2 /* Sources */,
				C51F2AC92B6315EA0055CAF2 /* Frameworks */,
				C51F2ACA2B6315EA0055CAF2 /* Resources */,
			);
			buildRules = (
			);
			dependencies = (
			);
			name = "drink-up";
			productName = "drink-up";
			productReference = C51F2ACC2B6315EA0055CAF2 /* drink-up.app */;
			productType = "com.apple.product-type.application";
		};
/* End PBXNativeTarget section */

/* Begin PBXProject section */
		C51F2AC42B6315EA0055CAF2 /* Project object */ = {
			isa = PBXProject;
			attributes = {
				BuildIndependentTargetsInParallel = 1;
				LastSwiftUpdateCheck = 1520;
				LastUpgradeCheck = 1520;
				TargetAttributes = {
					C51F2ACB2B6315EA0055CAF2 = {
						CreatedOnToolsVersion = 15.2;
					};
				};
			};
			buildConfigurationList = C51F2AC72B6315EA0055CAF2 /* Build configuration list for PBXProject "drink-up" */;
			compatibilityVersion = "Xcode 14.0";
			developmentRegion = en;
			hasScannedForEncodings = 0;
			knownRegions = (
				en,
				Base,
			);
			mainGroup = C51F2AC32B6315EA0055CAF2;
			productRefGroup = C51F2ACD2B6315EA0055CAF2 /* Products */;
			projectDirPath = "";
			projectRoot = "";
			targets = (
				C51F2ACB2B6315EA0055CAF2 /* drink-up */,
			);
		};
/* End PBXProject section */

/* Begin PBXResourcesBuildPhase section */
		C51F2ACA2B6315EA0055CAF2 /* Resources */ = {
			isa = PBXResourcesBuildPhase;
			buildActionMask = 2147483647;
			files = (
				C51F2AD72B6315EC0055CAF2 /* Preview Assets.xcassets in Resources */,
				C51F2AD42B6315EC0055CAF2 /* Assets.xcassets in Resources */,
				C50F8E8E2B63172800BCE42F /* brew.json in Resources */,
			);
			runOnlyForDeploymentPostprocessing = 0;
		};
/* End PBXResourcesBuildPhase section */

/* Begin PBXSourcesBuildPhase section */
		C51F2AC82B6315EA0055CAF2 /* Sources */ = {
			isa = PBXSourcesBuildPhase;
			buildActionMask = 2147483647;
			files = (
				C50F8E882B63171800BCE42F /* MainScreen.swift in Sources */,
				C5B09AD22B66833C00C3AEE4 /* InstalledPackages.swift in Sources */,
				C50F8E892B63171800BCE42F /* PackageDetails.swift in Sources */,
				C5B09AD42B66835400C3AEE4 /* DatabasePackages.swift in Sources */,
				C51F2AD22B6315EA0055CAF2 /* ContentView.swift in Sources */,
				C51F2AD02B6315EA0055CAF2 /* drink_upApp.swift in Sources */,
				C50F8E8D2B63172800BCE42F /* BrewJsonStructs.swift in Sources */,
			);
			runOnlyForDeploymentPostprocessing = 0;
		};
/* End PBXSourcesBuildPhase section */

/* Begin XCBuildConfiguration section */
		C51F2AD92B6315EC0055CAF2 /* Debug */ = {
			isa = XCBuildConfiguration;
			buildSettings = {
				ALWAYS_SEARCH_USER_PATHS = NO;
				ASSETCATALOG_COMPILER_GENERATE_SWIFT_ASSET_SYMBOL_EXTENSIONS = YES;
				CLANG_ANALYZER_NONNULL = YES;
				CLANG_ANALYZER_NUMBER_OBJECT_CONVERSION = YES_AGGRESSIVE;
				CLANG_CXX_LANGUAGE_STANDARD = "gnu++20";
				CLANG_ENABLE_MODULES = YES;
				CLANG_ENABLE_OBJC_ARC = YES;
				CLANG_ENABLE_OBJC_WEAK = YES;
				CLANG_WARN_BLOCK_CAPTURE_AUTORELEASING = YES;
				CLANG_WARN_BOOL_CONVERSION = YES;
				CLANG_WARN_COMMA = YES;
				CLANG_WARN_CONSTANT_CONVERSION = YES;
				CLANG_WARN_DEPRECATED_OBJC_IMPLEMENTATIONS = YES;
				CLANG_WARN_DIRECT_OBJC_ISA_USAGE = YES_ERROR;
				CLANG_WARN_DOCUMENTATION_COMMENTS = YES;
				CLANG_WARN_EMPTY_BODY = YES;
				CLANG_WARN_ENUM_CONVERSION = YES;
				CLANG_WARN_INFINITE_RECURSION = YES;
				CLANG_WARN_INT_CONVERSION = YES;
				CLANG_WARN_NON_LITERAL_NULL_CONVERSION = YES;
				CLANG_WARN_OBJC_IMPLICIT_RETAIN_SELF = YES;
				CLANG_WARN_OBJC_LITERAL_CONVERSION = YES;
				CLANG_WARN_OBJC_ROOT_CLASS = YES_ERROR;
				CLANG_WARN_QUOTED_INCLUDE_IN_FRAMEWORK_HEADER = YES;
				CLANG_WARN_RANGE_LOOP_ANALYSIS = YES;
				CLANG_WARN_STRICT_PROTOTYPES = YES;
				CLANG_WARN_SUSPICIOUS_MOVE = YES;
				CLANG_WARN_UNGUARDED_AVAILABILITY = YES_AGGRESSIVE;
				CLANG_WARN_UNREACHABLE_CODE = YES;
				CLANG_WARN__DUPLICATE_METHOD_MATCH = YES;
				COPY_PHASE_STRIP = NO;
				DEBUG_INFORMATION_FORMAT = dwarf;
				ENABLE_STRICT_OBJC_MSGSEND = YES;
				ENABLE_TESTABILITY = YES;
				ENABLE_USER_SCRIPT_SANDBOXING = YES;
				GCC_C_LANGUAGE_STANDARD = gnu17;
				GCC_DYNAMIC_NO_PIC = NO;
				GCC_NO_COMMON_BLOCKS = YES;
				GCC_OPTIMIZATION_LEVEL = 0;
				GCC_PREPROCESSOR_DEFINITIONS = (
					"DEBUG=1",
					"$(inherited)",
				);
				GCC_WARN_64_TO_32_BIT_CONVERSION = YES;
				GCC_WARN_ABOUT_RETURN_TYPE = YES_ERROR;
				GCC_WARN_UNDECLARED_SELECTOR = YES;
				GCC_WARN_UNINITIALIZED_AUTOS = YES_AGGRESSIVE;
				GCC_WARN_UNUSED_FUNCTION = YES;
				GCC_WARN_UNUSED_VARIABLE = YES;
				LOCALIZATION_PREFERS_STRING_CATALOGS = YES;
				MACOSX_DEPLOYMENT_TARGET = 14.2;
				MTL_ENABLE_DEBUG_INFO = INCLUDE_SOURCE;
				MTL_FAST_MATH = YES;
				ONLY_ACTIVE_ARCH = YES;
				SDKROOT = macosx;
				SWIFT_ACTIVE_COMPILATION_CONDITIONS = "DEBUG $(inherited)";
				SWIFT_OPTIMIZATION_LEVEL = "-Onone";
			};
			name = Debug;
		};
		C51F2ADA2B6315EC0055CAF2 /* Release */ = {
			isa = XCBuildConfiguration;
			buildSettings = {
				ALWAYS_SEARCH_USER_PATHS = NO;
				ASSETCATALOG_COMPILER_GENERATE_SWIFT_ASSET_SYMBOL_EXTENSIONS = YES;
				CLANG_ANALYZER_NONNULL = YES;
				CLANG_ANALYZER_NUMBER_OBJECT_CONVERSION = YES_AGGRESSIVE;
				CLANG_CXX_LANGUAGE_STANDARD = "gnu++20";
				CLANG_ENABLE_MODULES = YES;
				CLANG_ENABLE_OBJC_ARC = YES;
				CLANG_ENABLE_OBJC_WEAK = YES;
				CLANG_WARN_BLOCK_CAPTURE_AUTORELEASING = YES;
				CLANG_WARN_BOOL_CONVERSION = YES;
				CLANG_WARN_COMMA = YES;
				CLANG_WARN_CONSTANT_CONVERSION = YES;
				CLANG_WARN_DEPRECATED_OBJC_IMPLEMENTATIONS = YES;
				CLANG_WARN_DIRECT_OBJC_ISA_USAGE = YES_ERROR;
				CLANG_WARN_DOCUMENTATION_COMMENTS = YES;
				CLANG_WARN_EMPTY_BODY = YES;
				CLANG_WARN_ENUM_CONVERSION = YES;
				CLANG_WARN_INFINITE_RECURSION = YES;
				CLANG_WARN_INT_CONVERSION = YES;
				CLANG_WARN_NON_LITERAL_NULL_CONVERSION = YES;
				CLANG_WARN_OBJC_IMPLICIT_RETAIN_SELF = YES;
				CLANG_WARN_OBJC_LITERAL_CONVERSION = YES;
				CLANG_WARN_OBJC_ROOT_CLASS = YES_ERROR;
				CLANG_WARN_QUOTED_INCLUDE_IN_FRAMEWORK_HEADER = YES;
				CLANG_WARN_RANGE_LOOP_ANALYSIS = YES;
				CLANG_WARN_STRICT_PROTOTYPES = YES;
				CLANG_WARN_SUSPICIOUS_MOVE = YES;
				CLANG_WARN_UNGUARDED_AVAILABILITY = YES_AGGRESSIVE;
				CLANG_WARN_UNREACHABLE_CODE = YES;
				CLANG_WARN__DUPLICATE_METHOD_MATCH = YES;
				COPY_PHASE_STRIP = NO;
				DEBUG_INFORMATION_FORMAT = "dwarf-with-dsym";
				ENABLE_NS_ASSERTIONS = NO;
				ENABLE_STRICT_OBJC_MSGSEND = YES;
				ENABLE_USER_SCRIPT_SANDBOXING = YES;
				GCC_C_LANGUAGE_STANDARD = gnu17;
				GCC_NO_COMMON_BLOCKS = YES;
				GCC_WARN_64_TO_32_BIT_CONVERSION = YES;
				GCC_WARN_ABOUT_RETURN_TYPE = YES_ERROR;
				GCC_WARN_UNDECLARED_SELECTOR = YES;
				GCC_WARN_UNINITIALIZED_AUTOS = YES_AGGRESSIVE;
				GCC_WARN_UNUSED_FUNCTION = YES;
				GCC_WARN_UNUSED_VARIABLE = YES;
				LOCALIZATION_PREFERS_STRING_CATALOGS = YES;
				MACOSX_DEPLOYMENT_TARGET = 14.2;
				MTL_ENABLE_DEBUG_INFO = NO;
				MTL_FAST_MATH = YES;
				SDKROOT = macosx;
				SWIFT_COMPILATION_MODE = wholemodule;
			};
			name = Release;
		};
		C51F2ADC2B6315EC0055CAF2 /* Debug */ = {
			isa = XCBuildConfiguration;
			buildSettings = {
				ASSETCATALOG_COMPILER_APPICON_NAME = AppIcon;
				ASSETCATALOG_COMPILER_GLOBAL_ACCENT_COLOR_NAME = AccentColor;
				CODE_SIGN_ENTITLEMENTS = "drink-up/drink_up.entitlements";
				CODE_SIGN_STYLE = Automatic;
				COMBINE_HIDPI_IMAGES = YES;
				CURRENT_PROJECT_VERSION = 1;
				DEVELOPMENT_ASSET_PATHS = "\"drink-up/Preview Content\"";
				DEVELOPMENT_TEAM = 47W8CAGQ86;
				ENABLE_HARDENED_RUNTIME = YES;
				ENABLE_PREVIEWS = YES;
				GENERATE_INFOPLIST_FILE = YES;
				INFOPLIST_KEY_NSHumanReadableCopyright = "";
				LD_RUNPATH_SEARCH_PATHS = (
					"$(inherited)",
					"@executable_path/../Frameworks",
				);
				MARKETING_VERSION = 1.0;
				PRODUCT_BUNDLE_IDENTIFIER = "RHR.drink-up";
				PRODUCT_NAME = "$(TARGET_NAME)";
				SWIFT_EMIT_LOC_STRINGS = YES;
				SWIFT_VERSION = 5.0;
			};
			name = Debug;
		};
		C51F2ADD2B6315EC0055CAF2 /* Release */ = {
			isa = XCBuildConfiguration;
			buildSettings = {
				ASSETCATALOG_COMPILER_APPICON_NAME = AppIcon;
				ASSETCATALOG_COMPILER_GLOBAL_ACCENT_COLOR_NAME = AccentColor;
				CODE_SIGN_ENTITLEMENTS = "drink-up/drink_up.entitlements";
				CODE_SIGN_STYLE = Automatic;
				COMBINE_HIDPI_IMAGES = YES;
				CURRENT_PROJECT_VERSION = 1;
				DEVELOPMENT_ASSET_PATHS = "\"drink-up/Preview Content\"";
				DEVELOPMENT_TEAM = 47W8CAGQ86;
				ENABLE_HARDENED_RUNTIME = YES;
				ENABLE_PREVIEWS = YES;
				GENERATE_INFOPLIST_FILE = YES;
				INFOPLIST_KEY_NSHumanReadableCopyright = "";
				LD_RUNPATH_SEARCH_PATHS = (
					"$(inherited)",
					"@executable_path/../Frameworks",
				);
				MARKETING_VERSION = 1.0;
				PRODUCT_BUNDLE_IDENTIFIER = "RHR.drink-up";
				PRODUCT_NAME = "$(TARGET_NAME)";
				SWIFT_EMIT_LOC_STRINGS = YES;
				SWIFT_VERSION = 5.0;
			};
			name = Release;
		};
/* End XCBuildConfiguration section */

/* Begin XCConfigurationList section */
		C51F2AC72B6315EA0055CAF2 /* Build configuration list for PBXProject "drink-up" */ = {
			isa = XCConfigurationList;
			buildConfigurations = (
				C51F2AD92B6315EC0055CAF2 /* Debug */,
				C51F2ADA2B6315EC0055CAF2 /* Release */,
			);
			defaultConfigurationIsVisible = 0;
			defaultConfigurationName = Release;
		};
		C51F2ADB2B6315EC0055CAF2 /* Build configuration list for PBXNativeTarget "drink-up" */ = {
			isa = XCConfigurationList;
			buildConfigurations = (
				C51F2ADC2B6315EC0055CAF2 /* Debug */,
				C51F2ADD2B6315EC0055CAF2 /* Release */,
			);
			defaultConfigurationIsVisible = 0;
			defaultConfigurationName = Release;
		};
/* End XCConfigurationList section */
	};
	rootObject = C51F2AC42B6315EA0055CAF2 /* Project object */;
}
